
Microsoft Visual Studio Solution File, Format Version 12.00
# Visual Studio Version 16
VisualStudioVersion = 16.0.30413.136
MinimumVisualStudioVersion = 10.0.40219.1
Project("{FAE04EC0-301F-11D3-BF4B-00C04F79EFBC}") = "ToDoList", "ToDoList.csproj", "{D7019180-71FF-4D2D-B363-62CADC6F87C2}"
EndProject
Global
	GlobalSection(SolutionConfigurationPlatforms) = preSolution
		Debug|Any CPU = Debug|Any CPU
		Release|Any CPU = Release|Any CPU
	EndGlobalSection
	GlobalSection(ProjectConfigurationPlatforms) = postSolution
		{D7019180-71FF-4D2D-B363-62CADC6F87C2}.Debug|Any CPU.ActiveCfg = Debug|Any CPU
		{D7019180-71FF-4D2D-B363-62CADC6F87C2}.Debug|Any CPU.Build.0 = Debug|Any CPU
		{D7019180-71FF-4D2D-B363-62CADC6F87C2}.Release|Any CPU.ActiveCfg = Release|Any CPU
		{D7019180-71FF-4D2D-B363-62CADC6F87C2}.Release|Any CPU.Build.0 = Release|Any CPU
	EndGlobalSection
	GlobalSection(SolutionProperties) = preSolution
		HideSolutionNode = FALSE
	EndGlobalSection
	GlobalSection(ExtensibilityGlobals) = postSolution
		SolutionGuid = {C3044720-2567-49E5-88AB-3BFEA2AC7063}
	EndGlobalSection
EndGlobal
