
Microsoft Visual Studio Solution File, Format Version 12.00
# Visual Studio Version 16
VisualStudioVersion = 16.0.30611.23
MinimumVisualStudioVersion = 10.0.40219.1
Project("{9A19103F-16F7-4668-BE54-9A1E7A4F7556}") = "VendingMachineCLI", "VendingMachineCLI\VendingMachineCLI.csproj", "{D3B56802-BBBF-4DBC-A7BC-49830B6B7715}"
EndProject
Project("{FAE04EC0-301F-11D3-BF4B-00C04F79EFBC}") = "VendingMachineCLITests", "VendingMachineCLITests\VendingMachineCLITests.csproj", "{E3D201E8-DBCD-48FD-9FB6-E6EDDB96E114}"
EndProject
Global
	GlobalSection(SolutionConfigurationPlatforms) = preSolution
		Debug|Any CPU = Debug|Any CPU
		Release|Any CPU = Release|Any CPU
	EndGlobalSection
	GlobalSection(ProjectConfigurationPlatforms) = postSolution
		{D3B56802-BBBF-4DBC-A7BC-49830B6B7715}.Debug|Any CPU.ActiveCfg = Debug|Any CPU
		{D3B56802-BBBF-4DBC-A7BC-49830B6B7715}.Debug|Any CPU.Build.0 = Debug|Any CPU
		{D3B56802-BBBF-4DBC-A7BC-49830B6B7715}.Release|Any CPU.ActiveCfg = Release|Any CPU
		{D3B56802-BBBF-4DBC-A7BC-49830B6B7715}.Release|Any CPU.Build.0 = Release|Any CPU
		{E3D201E8-DBCD-48FD-9FB6-E6EDDB96E114}.Debug|Any CPU.ActiveCfg = Debug|Any CPU
		{E3D201E8-DBCD-48FD-9FB6-E6EDDB96E114}.Debug|Any CPU.Build.0 = Debug|Any CPU
		{E3D201E8-DBCD-48FD-9FB6-E6EDDB96E114}.Release|Any CPU.ActiveCfg = Release|Any CPU
		{E3D201E8-DBCD-48FD-9FB6-E6EDDB96E114}.Release|Any CPU.Build.0 = Release|Any CPU
	EndGlobalSection
	GlobalSection(SolutionProperties) = preSolution
		HideSolutionNode = FALSE
	EndGlobalSection
	GlobalSection(ExtensibilityGlobals) = postSolution
		SolutionGuid = {8182F8C8-1611-48EA-BD82-929ACD4C2218}
	EndGlobalSection
EndGlobal
